<?xml version="1.0" encoding="utf-8"?>
<Project ToolsVersion="4.0" xmlns="http://schemas.microsoft.com/developer/msbuild/2003">
  <ItemGroup>
    <ClCompile Include="Application.cpp" />
    <ClCompile Include="stdafx.cpp" />
    <ClCompile Include="TrayIcon.cpp" />
    <ClCompile Include="Volume.cpp" />
    <ClCompile Include="PowerMateBluetooth.cpp" />
    <ClCompile Include="PowerMateUSB.cpp" />
  </ItemGroup>
  <ItemGroup>
    <ClInclude Include="Application.h" />
    <ClInclude Include="stdafx.h" />
    <ClInclude Include="resource.h" />
    <ClInclude Include="TrayIcon.h" />
    <ClInclude Include="Volume.h" />
    <ClInclude Include="PowerMateBluetooth.h" />
    <ClInclude Include="PowerMateUSB.h" />
  </ItemGroup>
  <ItemGroup>
    <ResourceCompile Include="resource.rc" />
  </ItemGroup>
</Project>